{
  "name": "app",
  "lockfileVersion": 2,
  "requires": true,
  "packages": {
    "": {
      "dependencies": {
        "uview-ui": "^2.0.10"
      }
    },
    "node_modules/uview-ui": {
      "version": "2.0.10",
      "resolved": "https://registry.npmmirror.com/uview-ui/download/uview-ui-2.0.10.tgz",
      "integrity": "sha512-O6gonHabyjBqZrTNS9ejAyUrcdSoXJeVcGHFflG4DsDi2Pahrh+ydoB/lDq2tMIvt2W2veMyShXVMnmruEWkrA==",
      "engines": {
        "HBuilderX": "^3.1.0"
      }
    }
  },
  "dependencies": {
    "uview-ui": {
      "version": "2.0.10",
      "resolved": "https://registry.npmmirror.com/uview-ui/download/uview-ui-2.0.10.tgz",
      "integrity": "sha512-O6gonHabyjBqZrTNS9ejAyUrcdSoXJeVcGHFflG4DsDi2Pahrh+ydoB/lDq2tMIvt2W2veMyShXVMnmruEWkrA=="
    }
  }
}
